
Microsoft Visual Studio Solution File, Format Version 12.00
Project("{FAE04EC0-301F-11D3-BF4B-00C04F79EFBC}") = "WebApplicationNet5", "WebApplicationNet5\WebApplicationNet5.csproj", "{B9FC532F-CD05-4C7E-B266-2C7A7F01EE11}"
EndProject
Global
	GlobalSection(SolutionConfigurationPlatforms) = preSolution
		Debug|Any CPU = Debug|Any CPU
		Release|Any CPU = Release|Any CPU
	EndGlobalSection
	GlobalSection(ProjectConfigurationPlatforms) = postSolution
		{B9FC532F-CD05-4C7E-B266-2C7A7F01EE11}.Debug|Any CPU.ActiveCfg = Debug|Any CPU
		{B9FC532F-CD05-4C7E-B266-2C7A7F01EE11}.Debug|Any CPU.Build.0 = Debug|Any CPU
		{B9FC532F-CD05-4C7E-B266-2C7A7F01EE11}.Release|Any CPU.ActiveCfg = Release|Any CPU
		{B9FC532F-CD05-4C7E-B266-2C7A7F01EE11}.Release|Any CPU.Build.0 = Release|Any CPU
	EndGlobalSection
EndGlobal
